// !$*UTF8*$!
{
	archiveVersion = 1;
	classes = {
	};
	objectVersion = 56;
	objects = {

/* Begin PBXBuildFile section */
		ED12FD9E2BA35330008AC1B5 /* AppDelegate.swift in Sources */ = {isa = PBXBuildFile; fileRef = ED12FD9D2BA35330008AC1B5 /* AppDelegate.swift */; };
		ED12FDA02BA35330008AC1B5 /* SceneDelegate.swift in Sources */ = {isa = PBXBuildFile; fileRef = ED12FD9F2BA35330008AC1B5 /* SceneDelegate.swift */; };
		ED12FDA22BA35330008AC1B5 /* NoteViewController.swift in Sources */ = {isa = PBXBuildFile; fileRef = ED12FDA12BA35330008AC1B5 /* NoteViewController.swift */; };
		ED12FDAA2BA35332008AC1B5 /* Assets.xcassets in Resources */ = {isa = PBXBuildFile; fileRef = ED12FDA92BA35332008AC1B5 /* Assets.xcassets */; };
		ED12FDAD2BA35332008AC1B5 /* LaunchScreen.storyboard in Resources */ = {isa = PBXBuildFile; fileRef = ED12FDAB2BA35332008AC1B5 /* LaunchScreen.storyboard */; };
		ED12FDBB2BA35973008AC1B5 /* StorageManager.swift in Sources */ = {isa = PBXBuildFile; fileRef = ED12FDBA2BA35973008AC1B5 /* StorageManager.swift */; };
		ED12FDC92BA36569008AC1B5 /* AddNoteViewController.swift in Sources */ = {isa = PBXBuildFile; fileRef = ED12FDC82BA36569008AC1B5 /* AddNoteViewController.swift */; };
		ED12FDF82BA58549008AC1B5 /* EasyNotes.xcdatamodeld in Sources */ = {isa = PBXBuildFile; fileRef = ED12FDF62BA58549008AC1B5 /* EasyNotes.xcdatamodeld */; };
/* End PBXBuildFile section */

/* Begin PBXFileReference section */
		ED12FD9A2BA35330008AC1B5 /* EasyNotes.app */ = {isa = PBXFileReference; explicitFileType = wrapper.application; includeInIndex = 0; path = EasyNotes.app; sourceTree = BUILT_PRODUCTS_DIR; };
		ED12FD9D2BA35330008AC1B5 /* AppDelegate.swift */ = {isa = PBXFileReference; lastKnownFileType = sourcecode.swift; path = AppDelegate.swift; sourceTree = "<group>"; };
		ED12FD9F2BA35330008AC1B5 /* SceneDelegate.swift */ = {isa = PBXFileReference; lastKnownFileType = sourcecode.swift; path = SceneDelegate.swift; sourceTree = "<group>"; };
		ED12FDA12BA35330008AC1B5 /* NoteViewController.swift */ = {isa = PBXFileReference; lastKnownFileType = sourcecode.swift; path = NoteViewController.swift; sourceTree = "<group>"; };
		ED12FDA92BA35332008AC1B5 /* Assets.xcassets */ = {isa = PBXFileReference; lastKnownFileType = folder.assetcatalog; path = Assets.xcassets; sourceTree = "<group>"; };
		ED12FDAC2BA35332008AC1B5 /* Base */ = {isa = PBXFileReference; lastKnownFileType = file.storyboard; name = Base; path = Base.lproj/LaunchScreen.storyboard; sourceTree = "<group>"; };
		ED12FDAE2BA35332008AC1B5 /* Info.plist */ = {isa = PBXFileReference; lastKnownFileType = text.plist.xml; path = Info.plist; sourceTree = "<group>"; };
		ED12FDBA2BA35973008AC1B5 /* StorageManager.swift */ = {isa = PBXFileReference; lastKnownFileType = sourcecode.swift; path = StorageManager.swift; sourceTree = "<group>"; };
		ED12FDC82BA36569008AC1B5 /* AddNoteViewController.swift */ = {isa = PBXFileReference; lastKnownFileType = sourcecode.swift; path = AddNoteViewController.swift; sourceTree = "<group>"; };
		ED12FDF72BA58549008AC1B5 /* EasyNotes.xcdatamodel */ = {isa = PBXFileReference; lastKnownFileType = wrapper.xcdatamodel; path = EasyNotes.xcdatamodel; sourceTree = "<group>"; };
/* End PBXFileReference section */

/* Begin PBXFrameworksBuildPhase section */
		ED12FD972BA35330008AC1B5 /* Frameworks */ = {
			isa = PBXFrameworksBuildPhase;
			buildActionMask = 2147483647;
			files = (
			);
			runOnlyForDeploymentPostprocessing = 0;
		};
/* End PBXFrameworksBuildPhase section */

/* Begin PBXGroup section */
		ED12FD912BA35330008AC1B5 = {
			isa = PBXGroup;
			children = (
				ED12FD9C2BA35330008AC1B5 /* EasyNotes */,
				ED12FD9B2BA35330008AC1B5 /* Products */,
			);
			sourceTree = "<group>";
		};
		ED12FD9B2BA35330008AC1B5 /* Products */ = {
			isa = PBXGroup;
			children = (
				ED12FD9A2BA35330008AC1B5 /* EasyNotes.app */,
			);
			name = Products;
			sourceTree = "<group>";
		};
		ED12FD9C2BA35330008AC1B5 /* EasyNotes */ = {
			isa = PBXGroup;
			children = (
				ED12FDB42BA3547E008AC1B5 /* Application */,
				ED12FDB92BA35946008AC1B5 /* Services */,
				ED12FDB82BA35919008AC1B5 /* ViewControllers */,
				ED12FDB52BA358EB008AC1B5 /* Resourses */,
				ED12FDB62BA358F9008AC1B5 /* Storyboard */,
				ED12FDB72BA35908008AC1B5 /* CoreData */,
			);
			path = EasyNotes;
			sourceTree = "<group>";
		};
		ED12FDB42BA3547E008AC1B5 /* Application */ = {
			isa = PBXGroup;
			children = (
				ED12FD9D2BA35330008AC1B5 /* AppDelegate.swift */,
				ED12FD9F2BA35330008AC1B5 /* SceneDelegate.swift */,
				ED12FDAE2BA35332008AC1B5 /* Info.plist */,
			);
			path = Application;
			sourceTree = "<group>";
		};
		ED12FDB52BA358EB008AC1B5 /* Resourses */ = {
			isa = PBXGroup;
			children = (
				ED12FDA92BA35332008AC1B5 /* Assets.xcassets */,
			);
			path = Resourses;
			sourceTree = "<group>";
		};
		ED12FDB62BA358F9008AC1B5 /* Storyboard */ = {
			isa = PBXGroup;
			children = (
				ED12FDAB2BA35332008AC1B5 /* LaunchScreen.storyboard */,
			);
			path = Storyboard;
			sourceTree = "<group>";
		};
		ED12FDB72BA35908008AC1B5 /* CoreData */ = {
			isa = PBXGroup;
			children = (
				ED12FDF62BA58549008AC1B5 /* EasyNotes.xcdatamodeld */,
			);
			path = CoreData;
			sourceTree = "<group>";
		};
		ED12FDB82BA35919008AC1B5 /* ViewControllers */ = {
			isa = PBXGroup;
			children = (
				ED12FDA12BA35330008AC1B5 /* NoteViewController.swift */,
				ED12FDC82BA36569008AC1B5 /* AddNoteViewController.swift */,
			);
			path = ViewControllers;
			sourceTree = "<group>";
		};
		ED12FDB92BA35946008AC1B5 /* Services */ = {
			isa = PBXGroup;
			children = (
				ED12FDBA2BA35973008AC1B5 /* StorageManager.swift */,
			);
			path = Services;
			sourceTree = "<group>";
		};
/* End PBXGroup section */

/* Begin PBXNativeTarget section */
		ED12FD992BA35330008AC1B5 /* EasyNotes */ = {
			isa = PBXNativeTarget;
			buildConfigurationList = ED12FDB12BA35332008AC1B5 /* Build configuration list for PBXNativeTarget "EasyNotes" */;
			buildPhases = (
				ED12FD962BA35330008AC1B5 /* Sources */,
				ED12FD972BA35330008AC1B5 /* Frameworks */,
				ED12FD982BA35330008AC1B5 /* Resources */,
			);
			buildRules = (
			);
			dependencies = (
			);
			name = EasyNotes;
			productName = EasyNotes;
			productReference = ED12FD9A2BA35330008AC1B5 /* EasyNotes.app */;
			productType = "com.apple.product-type.application";
		};
/* End PBXNativeTarget section */

/* Begin PBXProject section */
		ED12FD922BA35330008AC1B5 /* Project object */ = {
			isa = PBXProject;
			attributes = {
				BuildIndependentTargetsInParallel = 1;
				LastSwiftUpdateCheck = 1430;
				LastUpgradeCheck = 1430;
				TargetAttributes = {
					ED12FD992BA35330008AC1B5 = {
						CreatedOnToolsVersion = 14.3;
					};
				};
			};
			buildConfigurationList = ED12FD952BA35330008AC1B5 /* Build configuration list for PBXProject "EasyNotes" */;
			compatibilityVersion = "Xcode 14.0";
			developmentRegion = en;
			hasScannedForEncodings = 0;
			knownRegions = (
				en,
				Base,
			);
			mainGroup = ED12FD912BA35330008AC1B5;
			productRefGroup = ED12FD9B2BA35330008AC1B5 /* Products */;
			projectDirPath = "";
			projectRoot = "";
			targets = (
				ED12FD992BA35330008AC1B5 /* EasyNotes */,
			);
		};
/* End PBXProject section */

/* Begin PBXResourcesBuildPhase section */
		ED12FD982BA35330008AC1B5 /* Resources */ = {
			isa = PBXResourcesBuildPhase;
			buildActionMask = 2147483647;
			files = (
				ED12FDAD2BA35332008AC1B5 /* LaunchScreen.storyboard in Resources */,
				ED12FDAA2BA35332008AC1B5 /* Assets.xcassets in Resources */,
			);
			runOnlyForDeploymentPostprocessing = 0;
		};
/* End PBXResourcesBuildPhase section */

/* Begin PBXSourcesBuildPhase section */
		ED12FD962BA35330008AC1B5 /* Sources */ = {
			isa = PBXSourcesBuildPhase;
			buildActionMask = 2147483647;
			files = (
				ED12FDA22BA35330008AC1B5 /* NoteViewController.swift in Sources */,
				ED12FDF82BA58549008AC1B5 /* EasyNotes.xcdatamodeld in Sources */,
				ED12FDC92BA36569008AC1B5 /* AddNoteViewController.swift in Sources */,
				ED12FDBB2BA35973008AC1B5 /* StorageManager.swift in Sources */,
				ED12FD9E2BA35330008AC1B5 /* AppDelegate.swift in Sources */,
				ED12FDA02BA35330008AC1B5 /* SceneDelegate.swift in Sources */,
			);
			runOnlyForDeploymentPostprocessing = 0;
		};
/* End PBXSourcesBuildPhase section */

/* Begin PBXVariantGroup section */
		ED12FDAB2BA35332008AC1B5 /* LaunchScreen.storyboard */ = {
			isa = PBXVariantGroup;
			children = (
				ED12FDAC2BA35332008AC1B5 /* Base */,
			);
			name = LaunchScreen.storyboard;
			sourceTree = "<group>";
		};
/* End PBXVariantGroup section */

/* Begin XCBuildConfiguration section */
		ED12FDAF2BA35332008AC1B5 /* Debug */ = {
			isa = XCBuildConfiguration;
			buildSettings = {
				ALWAYS_SEARCH_USER_PATHS = NO;
				CLANG_ANALYZER_NONNULL = YES;
				CLANG_ANALYZER_NUMBER_OBJECT_CONVERSION = YES_AGGRESSIVE;
				CLANG_CXX_LANGUAGE_STANDARD = "gnu++20";
				CLANG_ENABLE_MODULES = YES;
				CLANG_ENABLE_OBJC_ARC = YES;
				CLANG_ENABLE_OBJC_WEAK = YES;
				CLANG_WARN_BLOCK_CAPTURE_AUTORELEASING = YES;
				CLANG_WARN_BOOL_CONVERSION = YES;
				CLANG_WARN_COMMA = YES;
				CLANG_WARN_CONSTANT_CONVERSION = YES;
				CLANG_WARN_DEPRECATED_OBJC_IMPLEMENTATIONS = YES;
				CLANG_WARN_DIRECT_OBJC_ISA_USAGE = YES_ERROR;
				CLANG_WARN_DOCUMENTATION_COMMENTS = YES;
				CLANG_WARN_EMPTY_BODY = YES;
				CLANG_WARN_ENUM_CONVERSION = YES;
				CLANG_WARN_INFINITE_RECURSION = YES;
				CLANG_WARN_INT_CONVERSION = YES;
				CLANG_WARN_NON_LITERAL_NULL_CONVERSION = YES;
				CLANG_WARN_OBJC_IMPLICIT_RETAIN_SELF = YES;
				CLANG_WARN_OBJC_LITERAL_CONVERSION = YES;
				CLANG_WARN_OBJC_ROOT_CLASS = YES_ERROR;
				CLANG_WARN_QUOTED_INCLUDE_IN_FRAMEWORK_HEADER = YES;
				CLANG_WARN_RANGE_LOOP_ANALYSIS = YES;
				CLANG_WARN_STRICT_PROTOTYPES = YES;
				CLANG_WARN_SUSPICIOUS_MOVE = YES;
				CLANG_WARN_UNGUARDED_AVAILABILITY = YES_AGGRESSIVE;
				CLANG_WARN_UNREACHABLE_CODE = YES;
				CLANG_WARN__DUPLICATE_METHOD_MATCH = YES;
				COPY_PHASE_STRIP = NO;
				DEBUG_INFORMATION_FORMAT = dwarf;
				ENABLE_STRICT_OBJC_MSGSEND = YES;
				ENABLE_TESTABILITY = YES;
				GCC_C_LANGUAGE_STANDARD = gnu11;
				GCC_DYNAMIC_NO_PIC = NO;
				GCC_NO_COMMON_BLOCKS = YES;
				GCC_OPTIMIZATION_LEVEL = 0;
				GCC_PREPROCESSOR_DEFINITIONS = (
					"DEBUG=1",
					"$(inherited)",
				);
				GCC_WARN_64_TO_32_BIT_CONVERSION = YES;
				GCC_WARN_ABOUT_RETURN_TYPE = YES_ERROR;
				GCC_WARN_UNDECLARED_SELECTOR = YES;
				GCC_WARN_UNINITIALIZED_AUTOS = YES_AGGRESSIVE;
				GCC_WARN_UNUSED_FUNCTION = YES;
				GCC_WARN_UNUSED_VARIABLE = YES;
				IPHONEOS_DEPLOYMENT_TARGET = 16.4;
				MTL_ENABLE_DEBUG_INFO = INCLUDE_SOURCE;
				MTL_FAST_MATH = YES;
				ONLY_ACTIVE_ARCH = YES;
				SDKROOT = iphoneos;
				SWIFT_ACTIVE_COMPILATION_CONDITIONS = DEBUG;
				SWIFT_OPTIMIZATION_LEVEL = "-Onone";
			};
			name = Debug;
		};
		ED12FDB02BA35332008AC1B5 /* Release */ = {
			isa = XCBuildConfiguration;
			buildSettings = {
				ALWAYS_SEARCH_USER_PATHS = NO;
				CLANG_ANALYZER_NONNULL = YES;
				CLANG_ANALYZER_NUMBER_OBJECT_CONVERSION = YES_AGGRESSIVE;
				CLANG_CXX_LANGUAGE_STANDARD = "gnu++20";
				CLANG_ENABLE_MODULES = YES;
				CLANG_ENABLE_OBJC_ARC = YES;
				CLANG_ENABLE_OBJC_WEAK = YES;
				CLANG_WARN_BLOCK_CAPTURE_AUTORELEASING = YES;
				CLANG_WARN_BOOL_CONVERSION = YES;
				CLANG_WARN_COMMA = YES;
				CLANG_WARN_CONSTANT_CONVERSION = YES;
				CLANG_WARN_DEPRECATED_OBJC_IMPLEMENTATIONS = YES;
				CLANG_WARN_DIRECT_OBJC_ISA_USAGE = YES_ERROR;
				CLANG_WARN_DOCUMENTATION_COMMENTS = YES;
				CLANG_WARN_EMPTY_BODY = YES;
				CLANG_WARN_ENUM_CONVERSION = YES;
				CLANG_WARN_INFINITE_RECURSION = YES;
				CLANG_WARN_INT_CONVERSION = YES;
				CLANG_WARN_NON_LITERAL_NULL_CONVERSION = YES;
				CLANG_WARN_OBJC_IMPLICIT_RETAIN_SELF = YES;
				CLANG_WARN_OBJC_LITERAL_CONVERSION = YES;
				CLANG_WARN_OBJC_ROOT_CLASS = YES_ERROR;
				CLANG_WARN_QUOTED_INCLUDE_IN_FRAMEWORK_HEADER = YES;
				CLANG_WARN_RANGE_LOOP_ANALYSIS = YES;
				CLANG_WARN_STRICT_PROTOTYPES = YES;
				CLANG_WARN_SUSPICIOUS_MOVE = YES;
				CLANG_WARN_UNGUARDED_AVAILABILITY = YES_AGGRESSIVE;
				CLANG_WARN_UNREACHABLE_CODE = YES;
				CLANG_WARN__DUPLICATE_METHOD_MATCH = YES;
				COPY_PHASE_STRIP = NO;
				DEBUG_INFORMATION_FORMAT = "dwarf-with-dsym";
				ENABLE_NS_ASSERTIONS = NO;
				ENABLE_STRICT_OBJC_MSGSEND = YES;
				GCC_C_LANGUAGE_STANDARD = gnu11;
				GCC_NO_COMMON_BLOCKS = YES;
				GCC_WARN_64_TO_32_BIT_CONVERSION = YES;
				GCC_WARN_ABOUT_RETURN_TYPE = YES_ERROR;
				GCC_WARN_UNDECLARED_SELECTOR = YES;
				GCC_WARN_UNINITIALIZED_AUTOS = YES_AGGRESSIVE;
				GCC_WARN_UNUSED_FUNCTION = YES;
				GCC_WARN_UNUSED_VARIABLE = YES;
				IPHONEOS_DEPLOYMENT_TARGET = 16.4;
				MTL_ENABLE_DEBUG_INFO = NO;
				MTL_FAST_MATH = YES;
				SDKROOT = iphoneos;
				SWIFT_COMPILATION_MODE = wholemodule;
				SWIFT_OPTIMIZATION_LEVEL = "-O";
				VALIDATE_PRODUCT = YES;
			};
			name = Release;
		};
		ED12FDB22BA35332008AC1B5 /* Debug */ = {
			isa = XCBuildConfiguration;
			buildSettings = {
				ASSETCATALOG_COMPILER_APPICON_NAME = AppIcon;
				ASSETCATALOG_COMPILER_GLOBAL_ACCENT_COLOR_NAME = AccentColor;
				CODE_SIGN_STYLE = Automatic;
				CURRENT_PROJECT_VERSION = 1;
				DEVELOPMENT_TEAM = B4D33S9Y62;
				GENERATE_INFOPLIST_FILE = YES;
				INFOPLIST_FILE = EasyNotes/Application/Info.plist;
				INFOPLIST_KEY_UIApplicationSupportsIndirectInputEvents = YES;
				INFOPLIST_KEY_UILaunchStoryboardName = LaunchScreen;
				INFOPLIST_KEY_UISupportedInterfaceOrientations = UIInterfaceOrientationPortrait;
				INFOPLIST_KEY_UISupportedInterfaceOrientations_iPad = "UIInterfaceOrientationLandscapeLeft UIInterfaceOrientationLandscapeRight UIInterfaceOrientationPortrait UIInterfaceOrientationPortraitUpsideDown";
				LD_RUNPATH_SEARCH_PATHS = (
					"$(inherited)",
					"@executable_path/Frameworks",
				);
				MARKETING_VERSION = 1.0;
				PRODUCT_BUNDLE_IDENTIFIER = openYourMind.EasyNotes;
				PRODUCT_NAME = "$(TARGET_NAME)";
				SUPPORTED_PLATFORMS = "iphoneos iphonesimulator";
				SUPPORTS_MACCATALYST = NO;
				SUPPORTS_MAC_DESIGNED_FOR_IPHONE_IPAD = NO;
				SWIFT_EMIT_LOC_STRINGS = YES;
				SWIFT_VERSION = 5.0;
				TARGETED_DEVICE_FAMILY = 1;
			};
			name = Debug;
		};
		ED12FDB32BA35332008AC1B5 /* Release */ = {
			isa = XCBuildConfiguration;
			buildSettings = {
				ASSETCATALOG_COMPILER_APPICON_NAME = AppIcon;
				ASSETCATALOG_COMPILER_GLOBAL_ACCENT_COLOR_NAME = AccentColor;
				CODE_SIGN_STYLE = Automatic;
				CURRENT_PROJECT_VERSION = 1;
				DEVELOPMENT_TEAM = B4D33S9Y62;
				GENERATE_INFOPLIST_FILE = YES;
				INFOPLIST_FILE = EasyNotes/Application/Info.plist;
				INFOPLIST_KEY_UIApplicationSupportsIndirectInputEvents = YES;
				INFOPLIST_KEY_UILaunchStoryboardName = LaunchScreen;
				INFOPLIST_KEY_UISupportedInterfaceOrientations = UIInterfaceOrientationPortrait;
				INFOPLIST_KEY_UISupportedInterfaceOrientations_iPad = "UIInterfaceOrientationLandscapeLeft UIInterfaceOrientationLandscapeRight UIInterfaceOrientationPortrait UIInterfaceOrientationPortraitUpsideDown";
				LD_RUNPATH_SEARCH_PATHS = (
					"$(inherited)",
					"@executable_path/Frameworks",
				);
				MARKETING_VERSION = 1.0;
				PRODUCT_BUNDLE_IDENTIFIER = openYourMind.EasyNotes;
				PRODUCT_NAME = "$(TARGET_NAME)";
				SUPPORTED_PLATFORMS = "iphoneos iphonesimulator";
				SUPPORTS_MACCATALYST = NO;
				SUPPORTS_MAC_DESIGNED_FOR_IPHONE_IPAD = NO;
				SWIFT_EMIT_LOC_STRINGS = YES;
				SWIFT_VERSION = 5.0;
				TARGETED_DEVICE_FAMILY = 1;
			};
			name = Release;
		};
/* End XCBuildConfiguration section */

/* Begin XCConfigurationList section */
		ED12FD952BA35330008AC1B5 /* Build configuration list for PBXProject "EasyNotes" */ = {
			isa = XCConfigurationList;
			buildConfigurations = (
				ED12FDAF2BA35332008AC1B5 /* Debug */,
				ED12FDB02BA35332008AC1B5 /* Release */,
			);
			defaultConfigurationIsVisible = 0;
			defaultConfigurationName = Release;
		};
		ED12FDB12BA35332008AC1B5 /* Build configuration list for PBXNativeTarget "EasyNotes" */ = {
			isa = XCConfigurationList;
			buildConfigurations = (
				ED12FDB22BA35332008AC1B5 /* Debug */,
				ED12FDB32BA35332008AC1B5 /* Release */,
			);
			defaultConfigurationIsVisible = 0;
			defaultConfigurationName = Release;
		};
/* End XCConfigurationList section */

/* Begin XCVersionGroup section */
		ED12FDF62BA58549008AC1B5 /* EasyNotes.xcdatamodeld */ = {
			isa = XCVersionGroup;
			children = (
				ED12FDF72BA58549008AC1B5 /* EasyNotes.xcdatamodel */,
			);
			currentVersion = ED12FDF72BA58549008AC1B5 /* EasyNotes.xcdatamodel */;
			name = EasyNotes.xcdatamodeld;
			path = ../../EasyNotes.xcdatamodeld;
			sourceTree = "<group>";
			versionGroupType = wrapper.xcdatamodel;
		};
/* End XCVersionGroup section */
	};
	rootObject = ED12FD922BA35330008AC1B5 /* Project object */;
}
